
Microsoft Visual Studio Solution File, Format Version 12.00
# Visual Studio Version 17
VisualStudioVersion = 17.4.33213.308
MinimumVisualStudioVersion = 10.0.40219.1
Project("{9A19103F-16F7-4668-BE54-9A1E7A4F7556}") = "HocSinh", "HocSinh.csproj", "{9334D1FC-55A1-422A-9C10-6E234BAA144A}"
EndProject
Global
	GlobalSection(SolutionConfigurationPlatforms) = preSolution
		Debug|Any CPU = Debug|Any CPU
		Release|Any CPU = Release|Any CPU
	EndGlobalSection
	GlobalSection(ProjectConfigurationPlatforms) = postSolution
		{9334D1FC-55A1-422A-9C10-6E234BAA144A}.Debug|Any CPU.ActiveCfg = Debug|Any CPU
		{9334D1FC-55A1-422A-9C10-6E234BAA144A}.Debug|Any CPU.Build.0 = Debug|Any CPU
		{9334D1FC-55A1-422A-9C10-6E234BAA144A}.Release|Any CPU.ActiveCfg = Release|Any CPU
		{9334D1FC-55A1-422A-9C10-6E234BAA144A}.Release|Any CPU.Build.0 = Release|Any CPU
	EndGlobalSection
	GlobalSection(SolutionProperties) = preSolution
		HideSolutionNode = FALSE
	EndGlobalSection
	GlobalSection(ExtensibilityGlobals) = postSolution
		SolutionGuid = {D188DDF8-2210-4451-846D-CA98AE20D3CA}
	EndGlobalSection
EndGlobal
