
Microsoft Visual Studio Solution File, Format Version 12.00
# Visual Studio Version 17
VisualStudioVersion = 17.4.33213.308
MinimumVisualStudioVersion = 10.0.40219.1
Project("{FAE04EC0-301F-11D3-BF4B-00C04F79EFBC}") = "EF-02_NhanVien", "EF-02_NhanVien.csproj", "{7CB90202-9B8B-429B-BCA5-EAC79FB720AD}"
EndProject
Global
	GlobalSection(SolutionConfigurationPlatforms) = preSolution
		Debug|Any CPU = Debug|Any CPU
		Release|Any CPU = Release|Any CPU
	EndGlobalSection
	GlobalSection(ProjectConfigurationPlatforms) = postSolution
		{7CB90202-9B8B-429B-BCA5-EAC79FB720AD}.Debug|Any CPU.ActiveCfg = Debug|Any CPU
		{7CB90202-9B8B-429B-BCA5-EAC79FB720AD}.Debug|Any CPU.Build.0 = Debug|Any CPU
		{7CB90202-9B8B-429B-BCA5-EAC79FB720AD}.Release|Any CPU.ActiveCfg = Release|Any CPU
		{7CB90202-9B8B-429B-BCA5-EAC79FB720AD}.Release|Any CPU.Build.0 = Release|Any CPU
	EndGlobalSection
	GlobalSection(SolutionProperties) = preSolution
		HideSolutionNode = FALSE
	EndGlobalSection
	GlobalSection(ExtensibilityGlobals) = postSolution
		SolutionGuid = {85CEEA0F-3117-4824-85B2-4EF86C7F2615}
	EndGlobalSection
EndGlobal
